
Microsoft Visual Studio Solution File, Format Version 12.00
# Visual Studio Version 17
VisualStudioVersion = 17.5.33516.290
MinimumVisualStudioVersion = 10.0.40219.1
Project("{9A19103F-16F7-4668-BE54-9A1E7A4F7556}") = "ProjetoParaProjetos", "ProjetoParaProjetos.csproj", "{A2EF2CDE-9CE5-44BD-9C47-1F1F545AC801}"
EndProject
Global
	GlobalSection(SolutionConfigurationPlatforms) = preSolution
		Debug|Any CPU = Debug|Any CPU
		Release|Any CPU = Release|Any CPU
	EndGlobalSection
	GlobalSection(ProjectConfigurationPlatforms) = postSolution
		{A2EF2CDE-9CE5-44BD-9C47-1F1F545AC801}.Debug|Any CPU.ActiveCfg = Debug|Any CPU
		{A2EF2CDE-9CE5-44BD-9C47-1F1F545AC801}.Debug|Any CPU.Build.0 = Debug|Any CPU
		{A2EF2CDE-9CE5-44BD-9C47-1F1F545AC801}.Release|Any CPU.ActiveCfg = Release|Any CPU
		{A2EF2CDE-9CE5-44BD-9C47-1F1F545AC801}.Release|Any CPU.Build.0 = Release|Any CPU
	EndGlobalSection
	GlobalSection(SolutionProperties) = preSolution
		HideSolutionNode = FALSE
	EndGlobalSection
	GlobalSection(ExtensibilityGlobals) = postSolution
		SolutionGuid = {BAF1D679-9DC2-48C2-8EE4-158215A9BCA3}
	EndGlobalSection
EndGlobal
